{
  "name": "mac-set-default-apps",
  "version": "2.0.0",
  "lockfileVersion": 3,
  "requires": true,
  "packages": {
    "": {
      "name": "mac-set-default-apps",
      "version": "2.0.0",
      "license": "MIT",
      "devDependencies": {
        "bats": "github:bats-core/bats-core",
        "bats-assert": "github:bats-core/bats-assert",
        "bats-support": "github:bats-core/bats-support"
      }
    },
    "node_modules/bats": {
      "version": "1.9.0",
      "resolved": "git+ssh://git@github.com/bats-core/bats-core.git#4417a96cfc5e4afc493df94eeef8af4eec760163",
      "dev": true,
      "license": "MIT",
      "bin": {
        "bats": "bin/bats"
      }
    },
    "node_modules/bats-assert": {
      "version": "2.1.0",
      "resolved": "git+ssh://git@github.com/bats-core/bats-assert.git#44913ffe6020d1561c4c4d1e26cda8e07a1f374f",
      "dev": true,
      "license": "CC0-1.0",
      "peerDependencies": {
        "bats": "0.4 || ^1",
        "bats-support": "^0.3"
      }
    },
    "node_modules/bats-support": {
      "version": "0.3.0",
      "resolved": "git+ssh://git@github.com/bats-core/bats-support.git#3c8fadc5097c9acfc96d836dced2bb598e48b009",
      "dev": true,
      "license": "CC0-1.0",
      "peerDependencies": {
        "bats": "0.4 || ^1"
      }
    }
  }
}
