{
  "name": "mac-set-default-apps",
  "version": "2.0.0",
  "lockfileVersion": 3,
  "requires": true,
  "packages": {
    "": {
      "name": "mac-set-default-apps",
      "version": "2.0.0",
      "license": "MIT",
      "devDependencies": {
        "bats-assert": "github:bats-core/bats-assert",
        "bats-zsh": "^1.2.1"
      }
    },
    "node_modules/bats": {
      "version": "1.9.0",
      "resolved": "git+ssh://git@github.com/bats-core/bats-core.git#6636e2c2ef5ffe361535cb45fc61682c5ef46b71",
      "dev": true,
      "license": "MIT",
      "peer": true,
      "bin": {
        "bats": "bin/bats"
      }
    },
    "node_modules/bats-assert": {
      "version": "2.1.0",
      "resolved": "git+ssh://git@github.com/bats-core/bats-assert.git#44913ffe6020d1561c4c4d1e26cda8e07a1f374f",
      "dev": true,
      "license": "CC0-1.0",
      "peerDependencies": {
        "bats": "0.4 || ^1",
        "bats-support": "^0.3"
      }
    },
    "node_modules/bats-support": {
      "version": "0.3.0",
      "resolved": "git+ssh://git@github.com/bats-core/bats-support.git#24a72e14349690bcbf7c151b9d2d1cdd32d36eb1",
      "dev": true,
      "peer": true
    },
    "node_modules/bats-zsh": {
      "version": "1.2.1",
      "resolved": "https://registry.npmjs.org/bats-zsh/-/bats-zsh-1.2.1.tgz",
      "integrity": "sha512-FhdMEoFc5hLKJuOwHNCj/GpGzcBeb5xzIU+4oOo1Qc641tE7v9RiqT2p+lW2uGwU+TnThXDGadhdBKT+PYC3Lg==",
      "dev": true,
      "peerDependencies": {
        "bats": "github:bats-core/bats-core#v1.9.0",
        "bats-support": "github:bats-core/bats-support#v0.3.0"
      }
    }
  }
}
